// !$*UTF8*$!
{
	archiveVersion = 1;
	classes = {
	};
	objectVersion = 48;
	objects = {

/* Begin PBXBuildFile section */
		9AB7D18B206BE7D600197E42 /* AppDelegate.swift in Sources */ = {isa = PBXBuildFile; fileRef = 9AB7D18A206BE7D600197E42 /* AppDelegate.swift */; };
		9AB7D18D206BE7D600197E42 /* ViewController.swift in Sources */ = {isa = PBXBuildFile; fileRef = 9AB7D18C206BE7D600197E42 /* ViewController.swift */; };
		9AB7D190206BE7D600197E42 /* Main.storyboard in Resources */ = {isa = PBXBuildFile; fileRef = 9AB7D18E206BE7D600197E42 /* Main.storyboard */; };
		9AB7D192206BE7D600197E42 /* Assets.xcassets in Resources */ = {isa = PBXBuildFile; fileRef = 9AB7D191206BE7D600197E42 /* Assets.xcassets */; };
		9AB7D195206BE7D600197E42 /* LaunchScreen.storyboard in Resources */ = {isa = PBXBuildFile; fileRef = 9AB7D193206BE7D600197E42 /* LaunchScreen.storyboard */; };
		9AB7D1A0206BE7D600197E42 /* TableAppTests.swift in Sources */ = {isa = PBXBuildFile; fileRef = 9AB7D19F206BE7D600197E42 /* TableAppTests.swift */; };
		9AB7D1AB206BE7D600197E42 /* TableAppUITests.swift in Sources */ = {isa = PBXBuildFile; fileRef = 9AB7D1AA206BE7D600197E42 /* TableAppUITests.swift */; };
/* End PBXBuildFile section */

/* Begin PBXContainerItemProxy section */
		9AB7D19C206BE7D600197E42 /* PBXContainerItemProxy */ = {
			isa = PBXContainerItemProxy;
			containerPortal = 9AB7D17F206BE7D600197E42 /* Project object */;
			proxyType = 1;
			remoteGlobalIDString = 9AB7D186206BE7D600197E42;
			remoteInfo = TableApp;
		};
		9AB7D1A7206BE7D600197E42 /* PBXContainerItemProxy */ = {
			isa = PBXContainerItemProxy;
			containerPortal = 9AB7D17F206BE7D600197E42 /* Project object */;
			proxyType = 1;
			remoteGlobalIDString = 9AB7D186206BE7D600197E42;
			remoteInfo = TableApp;
		};
/* End PBXContainerItemProxy section */

/* Begin PBXFileReference section */
		9AB7D187206BE7D600197E42 /* TableApp.app */ = {isa = PBXFileReference; explicitFileType = wrapper.application; includeInIndex = 0; path = TableApp.app; sourceTree = BUILT_PRODUCTS_DIR; };
		9AB7D18A206BE7D600197E42 /* AppDelegate.swift */ = {isa = PBXFileReference; lastKnownFileType = sourcecode.swift; path = AppDelegate.swift; sourceTree = "<group>"; };
		9AB7D18C206BE7D600197E42 /* ViewController.swift */ = {isa = PBXFileReference; lastKnownFileType = sourcecode.swift; path = ViewController.swift; sourceTree = "<group>"; };
		9AB7D18F206BE7D600197E42 /* Base */ = {isa = PBXFileReference; lastKnownFileType = file.storyboard; name = Base; path = Base.lproj/Main.storyboard; sourceTree = "<group>"; };
		9AB7D191206BE7D600197E42 /* Assets.xcassets */ = {isa = PBXFileReference; lastKnownFileType = folder.assetcatalog; path = Assets.xcassets; sourceTree = "<group>"; };
		9AB7D194206BE7D600197E42 /* Base */ = {isa = PBXFileReference; lastKnownFileType = file.storyboard; name = Base; path = Base.lproj/LaunchScreen.storyboard; sourceTree = "<group>"; };
		9AB7D196206BE7D600197E42 /* Info.plist */ = {isa = PBXFileReference; lastKnownFileType = text.plist.xml; path = Info.plist; sourceTree = "<group>"; };
		9AB7D19B206BE7D600197E42 /* TableAppTests.xctest */ = {isa = PBXFileReference; explicitFileType = wrapper.cfbundle; includeInIndex = 0; path = TableAppTests.xctest; sourceTree = BUILT_PRODUCTS_DIR; };
		9AB7D19F206BE7D600197E42 /* TableAppTests.swift */ = {isa = PBXFileReference; lastKnownFileType = sourcecode.swift; path = TableAppTests.swift; sourceTree = "<group>"; };
		9AB7D1A1206BE7D600197E42 /* Info.plist */ = {isa = PBXFileReference; lastKnownFileType = text.plist.xml; path = Info.plist; sourceTree = "<group>"; };
		9AB7D1A6206BE7D600197E42 /* TableAppUITests.xctest */ = {isa = PBXFileReference; explicitFileType = wrapper.cfbundle; includeInIndex = 0; path = TableAppUITests.xctest; sourceTree = BUILT_PRODUCTS_DIR; };
		9AB7D1AA206BE7D600197E42 /* TableAppUITests.swift */ = {isa = PBXFileReference; lastKnownFileType = sourcecode.swift; path = TableAppUITests.swift; sourceTree = "<group>"; };
		9AB7D1AC206BE7D600197E42 /* Info.plist */ = {isa = PBXFileReference; lastKnownFileType = text.plist.xml; path = Info.plist; sourceTree = "<group>"; };
/* End PBXFileReference section */

/* Begin PBXFrameworksBuildPhase section */
		9AB7D184206BE7D600197E42 /* Frameworks */ = {
			isa = PBXFrameworksBuildPhase;
			buildActionMask = 2147483647;
			files = (
			);
			runOnlyForDeploymentPostprocessing = 0;
		};
		9AB7D198206BE7D600197E42 /* Frameworks */ = {
			isa = PBXFrameworksBuildPhase;
			buildActionMask = 2147483647;
			files = (
			);
			runOnlyForDeploymentPostprocessing = 0;
		};
		9AB7D1A3206BE7D600197E42 /* Frameworks */ = {
			isa = PBXFrameworksBuildPhase;
			buildActionMask = 2147483647;
			files = (
			);
			runOnlyForDeploymentPostprocessing = 0;
		};
/* End PBXFrameworksBuildPhase section */

/* Begin PBXGroup section */
		9AB7D17E206BE7D600197E42 = {
			isa = PBXGroup;
			children = (
				9AB7D189206BE7D600197E42 /* TableApp */,
				9AB7D19E206BE7D600197E42 /* TableAppTests */,
				9AB7D1A9206BE7D600197E42 /* TableAppUITests */,
				9AB7D188206BE7D600197E42 /* Products */,
			);
			sourceTree = "<group>";
		};
		9AB7D188206BE7D600197E42 /* Products */ = {
			isa = PBXGroup;
			children = (
				9AB7D187206BE7D600197E42 /* TableApp.app */,
				9AB7D19B206BE7D600197E42 /* TableAppTests.xctest */,
				9AB7D1A6206BE7D600197E42 /* TableAppUITests.xctest */,
			);
			name = Products;
			sourceTree = "<group>";
		};
		9AB7D189206BE7D600197E42 /* TableApp */ = {
			isa = PBXGroup;
			children = (
				9AB7D18A206BE7D600197E42 /* AppDelegate.swift */,
				9AB7D18C206BE7D600197E42 /* ViewController.swift */,
				9AB7D18E206BE7D600197E42 /* Main.storyboard */,
				9AB7D191206BE7D600197E42 /* Assets.xcassets */,
				9AB7D193206BE7D600197E42 /* LaunchScreen.storyboard */,
				9AB7D196206BE7D600197E42 /* Info.plist */,
			);
			path = TableApp;
			sourceTree = "<group>";
		};
		9AB7D19E206BE7D600197E42 /* TableAppTests */ = {
			isa = PBXGroup;
			children = (
				9AB7D19F206BE7D600197E42 /* TableAppTests.swift */,
				9AB7D1A1206BE7D600197E42 /* Info.plist */,
			);
			path = TableAppTests;
			sourceTree = "<group>";
		};
		9AB7D1A9206BE7D600197E42 /* TableAppUITests */ = {
			isa = PBXGroup;
			children = (
				9AB7D1AA206BE7D600197E42 /* TableAppUITests.swift */,
				9AB7D1AC206BE7D600197E42 /* Info.plist */,
			);
			path = TableAppUITests;
			sourceTree = "<group>";
		};
/* End PBXGroup section */

/* Begin PBXNativeTarget section */
		9AB7D186206BE7D600197E42 /* TableApp */ = {
			isa = PBXNativeTarget;
			buildConfigurationList = 9AB7D1AF206BE7D600197E42 /* Build configuration list for PBXNativeTarget "TableApp" */;
			buildPhases = (
				9AB7D183206BE7D600197E42 /* Sources */,
				9AB7D184206BE7D600197E42 /* Frameworks */,
				9AB7D185206BE7D600197E42 /* Resources */,
			);
			buildRules = (
			);
			dependencies = (
			);
			name = TableApp;
			productName = TableApp;
			productReference = 9AB7D187206BE7D600197E42 /* TableApp.app */;
			productType = "com.apple.product-type.application";
		};
		9AB7D19A206BE7D600197E42 /* TableAppTests */ = {
			isa = PBXNativeTarget;
			buildConfigurationList = 9AB7D1B2206BE7D600197E42 /* Build configuration list for PBXNativeTarget "TableAppTests" */;
			buildPhases = (
				9AB7D197206BE7D600197E42 /* Sources */,
				9AB7D198206BE7D600197E42 /* Frameworks */,
				9AB7D199206BE7D600197E42 /* Resources */,
			);
			buildRules = (
			);
			dependencies = (
				9AB7D19D206BE7D600197E42 /* PBXTargetDependency */,
			);
			name = TableAppTests;
			productName = TableAppTests;
			productReference = 9AB7D19B206BE7D600197E42 /* TableAppTests.xctest */;
			productType = "com.apple.product-type.bundle.unit-test";
		};
		9AB7D1A5206BE7D600197E42 /* TableAppUITests */ = {
			isa = PBXNativeTarget;
			buildConfigurationList = 9AB7D1B5206BE7D600197E42 /* Build configuration list for PBXNativeTarget "TableAppUITests" */;
			buildPhases = (
				9AB7D1A2206BE7D600197E42 /* Sources */,
				9AB7D1A3206BE7D600197E42 /* Frameworks */,
				9AB7D1A4206BE7D600197E42 /* Resources */,
			);
			buildRules = (
			);
			dependencies = (
				9AB7D1A8206BE7D600197E42 /* PBXTargetDependency */,
			);
			name = TableAppUITests;
			productName = TableAppUITests;
			productReference = 9AB7D1A6206BE7D600197E42 /* TableAppUITests.xctest */;
			productType = "com.apple.product-type.bundle.ui-testing";
		};
/* End PBXNativeTarget section */

/* Begin PBXProject section */
		9AB7D17F206BE7D600197E42 /* Project object */ = {
			isa = PBXProject;
			attributes = {
				LastSwiftUpdateCheck = 0920;
				LastUpgradeCheck = 0920;
				ORGANIZATIONNAME = "Convert IT";
				TargetAttributes = {
					9AB7D186206BE7D600197E42 = {
						CreatedOnToolsVersion = 9.2;
						ProvisioningStyle = Automatic;
					};
					9AB7D19A206BE7D600197E42 = {
						CreatedOnToolsVersion = 9.2;
						ProvisioningStyle = Automatic;
						TestTargetID = 9AB7D186206BE7D600197E42;
					};
					9AB7D1A5206BE7D600197E42 = {
						CreatedOnToolsVersion = 9.2;
						ProvisioningStyle = Automatic;
						TestTargetID = 9AB7D186206BE7D600197E42;
					};
				};
			};
			buildConfigurationList = 9AB7D182206BE7D600197E42 /* Build configuration list for PBXProject "TableApp" */;
			compatibilityVersion = "Xcode 8.0";
			developmentRegion = en;
			hasScannedForEncodings = 0;
			knownRegions = (
				en,
				Base,
			);
			mainGroup = 9AB7D17E206BE7D600197E42;
			productRefGroup = 9AB7D188206BE7D600197E42 /* Products */;
			projectDirPath = "";
			projectRoot = "";
			targets = (
				9AB7D186206BE7D600197E42 /* TableApp */,
				9AB7D19A206BE7D600197E42 /* TableAppTests */,
				9AB7D1A5206BE7D600197E42 /* TableAppUITests */,
			);
		};
/* End PBXProject section */

/* Begin PBXResourcesBuildPhase section */
		9AB7D185206BE7D600197E42 /* Resources */ = {
			isa = PBXResourcesBuildPhase;
			buildActionMask = 2147483647;
			files = (
				9AB7D195206BE7D600197E42 /* LaunchScreen.storyboard in Resources */,
				9AB7D192206BE7D600197E42 /* Assets.xcassets in Resources */,
				9AB7D190206BE7D600197E42 /* Main.storyboard in Resources */,
			);
			runOnlyForDeploymentPostprocessing = 0;
		};
		9AB7D199206BE7D600197E42 /* Resources */ = {
			isa = PBXResourcesBuildPhase;
			buildActionMask = 2147483647;
			files = (
			);
			runOnlyForDeploymentPostprocessing = 0;
		};
		9AB7D1A4206BE7D600197E42 /* Resources */ = {
			isa = PBXResourcesBuildPhase;
			buildActionMask = 2147483647;
			files = (
			);
			runOnlyForDeploymentPostprocessing = 0;
		};
/* End PBXResourcesBuildPhase section */

/* Begin PBXSourcesBuildPhase section */
		9AB7D183206BE7D600197E42 /* Sources */ = {
			isa = PBXSourcesBuildPhase;
			buildActionMask = 2147483647;
			files = (
				9AB7D18D206BE7D600197E42 /* ViewController.swift in Sources */,
				9AB7D18B206BE7D600197E42 /* AppDelegate.swift in Sources */,
			);
			runOnlyForDeploymentPostprocessing = 0;
		};
		9AB7D197206BE7D600197E42 /* Sources */ = {
			isa = PBXSourcesBuildPhase;
			buildActionMask = 2147483647;
			files = (
				9AB7D1A0206BE7D600197E42 /* TableAppTests.swift in Sources */,
			);
			runOnlyForDeploymentPostprocessing = 0;
		};
		9AB7D1A2206BE7D600197E42 /* Sources */ = {
			isa = PBXSourcesBuildPhase;
			buildActionMask = 2147483647;
			files = (
				9AB7D1AB206BE7D600197E42 /* TableAppUITests.swift in Sources */,
			);
			runOnlyForDeploymentPostprocessing = 0;
		};
/* End PBXSourcesBuildPhase section */

/* Begin PBXTargetDependency section */
		9AB7D19D206BE7D600197E42 /* PBXTargetDependency */ = {
			isa = PBXTargetDependency;
			target = 9AB7D186206BE7D600197E42 /* TableApp */;
			targetProxy = 9AB7D19C206BE7D600197E42 /* PBXContainerItemProxy */;
		};
		9AB7D1A8206BE7D600197E42 /* PBXTargetDependency */ = {
			isa = PBXTargetDependency;
			target = 9AB7D186206BE7D600197E42 /* TableApp */;
			targetProxy = 9AB7D1A7206BE7D600197E42 /* PBXContainerItemProxy */;
		};
/* End PBXTargetDependency section */

/* Begin PBXVariantGroup section */
		9AB7D18E206BE7D600197E42 /* Main.storyboard */ = {
			isa = PBXVariantGroup;
			children = (
				9AB7D18F206BE7D600197E42 /* Base */,
			);
			name = Main.storyboard;
			sourceTree = "<group>";
		};
		9AB7D193206BE7D600197E42 /* LaunchScreen.storyboard */ = {
			isa = PBXVariantGroup;
			children = (
				9AB7D194206BE7D600197E42 /* Base */,
			);
			name = LaunchScreen.storyboard;
			sourceTree = "<group>";
		};
/* End PBXVariantGroup section */

/* Begin XCBuildConfiguration section */
		9AB7D1AD206BE7D600197E42 /* Debug */ = {
			isa = XCBuildConfiguration;
			buildSettings = {
				ALWAYS_SEARCH_USER_PATHS = NO;
				CLANG_ANALYZER_NONNULL = YES;
				CLANG_ANALYZER_NUMBER_OBJECT_CONVERSION = YES_AGGRESSIVE;
				CLANG_CXX_LANGUAGE_STANDARD = "gnu++14";
				CLANG_CXX_LIBRARY = "libc++";
				CLANG_ENABLE_MODULES = YES;
				CLANG_ENABLE_OBJC_ARC = YES;
				CLANG_WARN_BLOCK_CAPTURE_AUTORELEASING = YES;
				CLANG_WARN_BOOL_CONVERSION = YES;
				CLANG_WARN_COMMA = YES;
				CLANG_WARN_CONSTANT_CONVERSION = YES;
				CLANG_WARN_DIRECT_OBJC_ISA_USAGE = YES_ERROR;
				CLANG_WARN_DOCUMENTATION_COMMENTS = YES;
				CLANG_WARN_EMPTY_BODY = YES;
				CLANG_WARN_ENUM_CONVERSION = YES;
				CLANG_WARN_INFINITE_RECURSION = YES;
				CLANG_WARN_INT_CONVERSION = YES;
				CLANG_WARN_NON_LITERAL_NULL_CONVERSION = YES;
				CLANG_WARN_OBJC_LITERAL_CONVERSION = YES;
				CLANG_WARN_OBJC_ROOT_CLASS = YES_ERROR;
				CLANG_WARN_RANGE_LOOP_ANALYSIS = YES;
				CLANG_WARN_STRICT_PROTOTYPES = YES;
				CLANG_WARN_SUSPICIOUS_MOVE = YES;
				CLANG_WARN_UNGUARDED_AVAILABILITY = YES_AGGRESSIVE;
				CLANG_WARN_UNREACHABLE_CODE = YES;
				CLANG_WARN__DUPLICATE_METHOD_MATCH = YES;
				CODE_SIGN_IDENTITY = "iPhone Developer";
				COPY_PHASE_STRIP = NO;
				DEBUG_INFORMATION_FORMAT = dwarf;
				ENABLE_STRICT_OBJC_MSGSEND = YES;
				ENABLE_TESTABILITY = YES;
				GCC_C_LANGUAGE_STANDARD = gnu11;
				GCC_DYNAMIC_NO_PIC = NO;
				GCC_NO_COMMON_BLOCKS = YES;
				GCC_OPTIMIZATION_LEVEL = 0;
				GCC_PREPROCESSOR_DEFINITIONS = (
					"DEBUG=1",
					"$(inherited)",
				);
				GCC_WARN_64_TO_32_BIT_CONVERSION = YES;
				GCC_WARN_ABOUT_RETURN_TYPE = YES_ERROR;
				GCC_WARN_UNDECLARED_SELECTOR = YES;
				GCC_WARN_UNINITIALIZED_AUTOS = YES_AGGRESSIVE;
				GCC_WARN_UNUSED_FUNCTION = YES;
				GCC_WARN_UNUSED_VARIABLE = YES;
				IPHONEOS_DEPLOYMENT_TARGET = 11.2;
				MTL_ENABLE_DEBUG_INFO = YES;
				ONLY_ACTIVE_ARCH = YES;
				SDKROOT = iphoneos;
				SWIFT_ACTIVE_COMPILATION_CONDITIONS = DEBUG;
				SWIFT_OPTIMIZATION_LEVEL = "-Onone";
			};
			name = Debug;
		};
		9AB7D1AE206BE7D600197E42 /* Release */ = {
			isa = XCBuildConfiguration;
			buildSettings = {
				ALWAYS_SEARCH_USER_PATHS = NO;
				CLANG_ANALYZER_NONNULL = YES;
				CLANG_ANALYZER_NUMBER_OBJECT_CONVERSION = YES_AGGRESSIVE;
				CLANG_CXX_LANGUAGE_STANDARD = "gnu++14";
				CLANG_CXX_LIBRARY = "libc++";
				CLANG_ENABLE_MODULES = YES;
				CLANG_ENABLE_OBJC_ARC = YES;
				CLANG_WARN_BLOCK_CAPTURE_AUTORELEASING = YES;
				CLANG_WARN_BOOL_CONVERSION = YES;
				CLANG_WARN_COMMA = YES;
				CLANG_WARN_CONSTANT_CONVERSION = YES;
				CLANG_WARN_DIRECT_OBJC_ISA_USAGE = YES_ERROR;
				CLANG_WARN_DOCUMENTATION_COMMENTS = YES;
				CLANG_WARN_EMPTY_BODY = YES;
				CLANG_WARN_ENUM_CONVERSION = YES;
				CLANG_WARN_INFINITE_RECURSION = YES;
				CLANG_WARN_INT_CONVERSION = YES;
				CLANG_WARN_NON_LITERAL_NULL_CONVERSION = YES;
				CLANG_WARN_OBJC_LITERAL_CONVERSION = YES;
				CLANG_WARN_OBJC_ROOT_CLASS = YES_ERROR;
				CLANG_WARN_RANGE_LOOP_ANALYSIS = YES;
				CLANG_WARN_STRICT_PROTOTYPES = YES;
				CLANG_WARN_SUSPICIOUS_MOVE = YES;
				CLANG_WARN_UNGUARDED_AVAILABILITY = YES_AGGRESSIVE;
				CLANG_WARN_UNREACHABLE_CODE = YES;
				CLANG_WARN__DUPLICATE_METHOD_MATCH = YES;
				CODE_SIGN_IDENTITY = "iPhone Developer";
				COPY_PHASE_STRIP = NO;
				DEBUG_INFORMATION_FORMAT = "dwarf-with-dsym";
				ENABLE_NS_ASSERTIONS = NO;
				ENABLE_STRICT_OBJC_MSGSEND = YES;
				GCC_C_LANGUAGE_STANDARD = gnu11;
				GCC_NO_COMMON_BLOCKS = YES;
				GCC_WARN_64_TO_32_BIT_CONVERSION = YES;
				GCC_WARN_ABOUT_RETURN_TYPE = YES_ERROR;
				GCC_WARN_UNDECLARED_SELECTOR = YES;
				GCC_WARN_UNINITIALIZED_AUTOS = YES_AGGRESSIVE;
				GCC_WARN_UNUSED_FUNCTION = YES;
				GCC_WARN_UNUSED_VARIABLE = YES;
				IPHONEOS_DEPLOYMENT_TARGET = 11.2;
				MTL_ENABLE_DEBUG_INFO = NO;
				SDKROOT = iphoneos;
				SWIFT_OPTIMIZATION_LEVEL = "-Owholemodule";
				VALIDATE_PRODUCT = YES;
			};
			name = Release;
		};
		9AB7D1B0206BE7D600197E42 /* Debug */ = {
			isa = XCBuildConfiguration;
			buildSettings = {
				ASSETCATALOG_COMPILER_APPICON_NAME = AppIcon;
				CODE_SIGN_STYLE = Automatic;
				DEVELOPMENT_TEAM = 7Q4RL3NW69;
				INFOPLIST_FILE = TableApp/Info.plist;
				LD_RUNPATH_SEARCH_PATHS = "$(inherited) @executable_path/Frameworks";
				PRODUCT_BUNDLE_IDENTIFIER = com.convertit.TableApp;
				PRODUCT_NAME = "$(TARGET_NAME)";
				SWIFT_VERSION = 4.0;
				TARGETED_DEVICE_FAMILY = "1,2";
			};
			name = Debug;
		};
		9AB7D1B1206BE7D600197E42 /* Release */ = {
			isa = XCBuildConfiguration;
			buildSettings = {
				ASSETCATALOG_COMPILER_APPICON_NAME = AppIcon;
				CODE_SIGN_STYLE = Automatic;
				DEVELOPMENT_TEAM = 7Q4RL3NW69;
				INFOPLIST_FILE = TableApp/Info.plist;
				LD_RUNPATH_SEARCH_PATHS = "$(inherited) @executable_path/Frameworks";
				PRODUCT_BUNDLE_IDENTIFIER = com.convertit.TableApp;
				PRODUCT_NAME = "$(TARGET_NAME)";
				SWIFT_VERSION = 4.0;
				TARGETED_DEVICE_FAMILY = "1,2";
			};
			name = Release;
		};
		9AB7D1B3206BE7D600197E42 /* Debug */ = {
			isa = XCBuildConfiguration;
			buildSettings = {
				ALWAYS_EMBED_SWIFT_STANDARD_LIBRARIES = YES;
				BUNDLE_LOADER = "$(TEST_HOST)";
				CODE_SIGN_STYLE = Automatic;
				DEVELOPMENT_TEAM = 7Q4RL3NW69;
				INFOPLIST_FILE = TableAppTests/Info.plist;
				LD_RUNPATH_SEARCH_PATHS = "$(inherited) @executable_path/Frameworks @loader_path/Frameworks";
				PRODUCT_BUNDLE_IDENTIFIER = com.convertit.TableAppTests;
				PRODUCT_NAME = "$(TARGET_NAME)";
				SWIFT_VERSION = 4.0;
				TARGETED_DEVICE_FAMILY = "1,2";
				TEST_HOST = "$(BUILT_PRODUCTS_DIR)/TableApp.app/TableApp";
			};
			name = Debug;
		};
		9AB7D1B4206BE7D600197E42 /* Release */ = {
			isa = XCBuildConfiguration;
			buildSettings = {
				ALWAYS_EMBED_SWIFT_STANDARD_LIBRARIES = YES;
				BUNDLE_LOADER = "$(TEST_HOST)";
				CODE_SIGN_STYLE = Automatic;
				DEVELOPMENT_TEAM = 7Q4RL3NW69;
				INFOPLIST_FILE = TableAppTests/Info.plist;
				LD_RUNPATH_SEARCH_PATHS = "$(inherited) @executable_path/Frameworks @loader_path/Frameworks";
				PRODUCT_BUNDLE_IDENTIFIER = com.convertit.TableAppTests;
				PRODUCT_NAME = "$(TARGET_NAME)";
				SWIFT_VERSION = 4.0;
				TARGETED_DEVICE_FAMILY = "1,2";
				TEST_HOST = "$(BUILT_PRODUCTS_DIR)/TableApp.app/TableApp";
			};
			name = Release;
		};
		9AB7D1B6206BE7D600197E42 /* Debug */ = {
			isa = XCBuildConfiguration;
			buildSettings = {
				ALWAYS_EMBED_SWIFT_STANDARD_LIBRARIES = YES;
				CODE_SIGN_STYLE = Automatic;
				DEVELOPMENT_TEAM = 7Q4RL3NW69;
				INFOPLIST_FILE = TableAppUITests/Info.plist;
				LD_RUNPATH_SEARCH_PATHS = "$(inherited) @executable_path/Frameworks @loader_path/Frameworks";
				PRODUCT_BUNDLE_IDENTIFIER = com.convertit.TableAppUITests;
				PRODUCT_NAME = "$(TARGET_NAME)";
				SWIFT_VERSION = 4.0;
				TARGETED_DEVICE_FAMILY = "1,2";
				TEST_TARGET_NAME = TableApp;
			};
			name = Debug;
		};
		9AB7D1B7206BE7D600197E42 /* Release */ = {
			isa = XCBuildConfiguration;
			buildSettings = {
				ALWAYS_EMBED_SWIFT_STANDARD_LIBRARIES = YES;
				CODE_SIGN_STYLE = Automatic;
				DEVELOPMENT_TEAM = 7Q4RL3NW69;
				INFOPLIST_FILE = TableAppUITests/Info.plist;
				LD_RUNPATH_SEARCH_PATHS = "$(inherited) @executable_path/Frameworks @loader_path/Frameworks";
				PRODUCT_BUNDLE_IDENTIFIER = com.convertit.TableAppUITests;
				PRODUCT_NAME = "$(TARGET_NAME)";
				SWIFT_VERSION = 4.0;
				TARGETED_DEVICE_FAMILY = "1,2";
				TEST_TARGET_NAME = TableApp;
			};
			name = Release;
		};
/* End XCBuildConfiguration section */

/* Begin XCConfigurationList section */
		9AB7D182206BE7D600197E42 /* Build configuration list for PBXProject "TableApp" */ = {
			isa = XCConfigurationList;
			buildConfigurations = (
				9AB7D1AD206BE7D600197E42 /* Debug */,
				9AB7D1AE206BE7D600197E42 /* Release */,
			);
			defaultConfigurationIsVisible = 0;
			defaultConfigurationName = Release;
		};
		9AB7D1AF206BE7D600197E42 /* Build configuration list for PBXNativeTarget "TableApp" */ = {
			isa = XCConfigurationList;
			buildConfigurations = (
				9AB7D1B0206BE7D600197E42 /* Debug */,
				9AB7D1B1206BE7D600197E42 /* Release */,
			);
			defaultConfigurationIsVisible = 0;
			defaultConfigurationName = Release;
		};
		9AB7D1B2206BE7D600197E42 /* Build configuration list for PBXNativeTarget "TableAppTests" */ = {
			isa = XCConfigurationList;
			buildConfigurations = (
				9AB7D1B3206BE7D600197E42 /* Debug */,
				9AB7D1B4206BE7D600197E42 /* Release */,
			);
			defaultConfigurationIsVisible = 0;
			defaultConfigurationName = Release;
		};
		9AB7D1B5206BE7D600197E42 /* Build configuration list for PBXNativeTarget "TableAppUITests" */ = {
			isa = XCConfigurationList;
			buildConfigurations = (
				9AB7D1B6206BE7D600197E42 /* Debug */,
				9AB7D1B7206BE7D600197E42 /* Release */,
			);
			defaultConfigurationIsVisible = 0;
			defaultConfigurationName = Release;
		};
/* End XCConfigurationList section */
	};
	rootObject = 9AB7D17F206BE7D600197E42 /* Project object */;
}
